
Microsoft Visual Studio Solution File, Format Version 12.00
# Visual Studio Version 16
VisualStudioVersion = 16.0.31515.178
MinimumVisualStudioVersion = 10.0.40219.1
Project("{FAE04EC0-301F-11D3-BF4B-00C04F79EFBC}") = "Dspread", "Dspread\Dspread.csproj", "{2B678EED-6300-46E9-B397-1C84D96F1651}"
EndProject
Global
	GlobalSection(SolutionConfigurationPlatforms) = preSolution
		Debug|Any CPU = Debug|Any CPU
		Release|Any CPU = Release|Any CPU
	EndGlobalSection
	GlobalSection(ProjectConfigurationPlatforms) = postSolution
		{2B678EED-6300-46E9-B397-1C84D96F1651}.Debug|Any CPU.ActiveCfg = Debug|Any CPU
		{2B678EED-6300-46E9-B397-1C84D96F1651}.Debug|Any CPU.Build.0 = Debug|Any CPU
		{2B678EED-6300-46E9-B397-1C84D96F1651}.Release|Any CPU.ActiveCfg = Release|Any CPU
		{2B678EED-6300-46E9-B397-1C84D96F1651}.Release|Any CPU.Build.0 = Release|Any CPU
	EndGlobalSection
	GlobalSection(SolutionProperties) = preSolution
		HideSolutionNode = FALSE
	EndGlobalSection
	GlobalSection(ExtensibilityGlobals) = postSolution
		SolutionGuid = {9D0B7433-03B4-444C-8D4C-2EE7EBD762E9}
	EndGlobalSection
EndGlobal
